github.com/go-logr/logr v0.1.0/go.mod h1:ixOQHD9gLJUVQQ2ZOR7zLEifBX6tGkNJF4QyIY7sIas=
github.com/go-logr/logr v0.2.0 h1:QvGt2nLcHH0WK9orKa+ppBPAxREcH364nPUedEpK0TY=
github.com/go-logr/logr v0.2.0/go.mod h1:z6/tIYblkpsD+a4lm/fGIIU9mZ+XfAiaFtq7xTgseGU=
github.com/practo/klog v1.0.0 h1:/AXG0f063LhB7g85IPNg3gKVw+iG5S8KVnZE+Gvc7XE=
github.com/practo/klog/v2 v2.2.1 h1:yV/SavG73KHSmCVwtDap1RGe+2jd86e1eugT+Mv2/FA=
github.com/practo/klog/v2 v2.2.1/go.mod h1:WMkpfPwTxLgSLookpI4UUv2zL7tMltKACK/FHB1zLV0=
k8s.io/klog v1.0.0 h1:Pt+yjF5aB1xDSVbau4VsWe+dQNzA0qv1LlXdC2dF6Q8=
k8s.io/klog v1.0.0/go.mod h1:4Bi6QPql/J/LkTDqv7R/cd3hPo4k2DG6Ptcz060Ez5I=
